NeoBundleLock VimClojure 2a17c249571395a7f45523d38cac6a9326ecf8f1
NeoBundleLock jellybeans.vim f931895c20681684278aef2ffd810730b9c36ec3
NeoBundleLock molokai db8ce13b3737d3ddea8368498183d7c204a762eb
NeoBundleLock neobundle.vim 2f94664b624bc29a40fae51d38b5e922a55b85db
NeoBundleLock neomru.vim 6e6ca0454fbe67ab01cfe9c8588546c9af156944
NeoBundleLock neosnippet 5faebdef65ce35501d6caac601cd871e377dfc9a
NeoBundleLock syntastic 76ec53f186d1e68a01c1470eec6ae50bfcedd64f
NeoBundleLock unite.vim f8c0c00cf33f61663bdc02aa3b3a4565d86162e0
NeoBundleLock vim-autoclose a9a3b7384657bc1f60a963fd6c08c63fc48d61c3
NeoBundleLock vim-hybrid 7d530218dbcc5b5a9d473bcd2dbd2a85e7be99fd
NeoBundleLock vim-indent-guides 4895e860258cd24c975255ef459af4b956107557
NeoBundleLock vim-slime 457ce9b366ceb1be1885e73e79ebbe8c1a2511ef
NeoBundleLock vim-trailing-whitespace d4ad27de051848e544e360482bdf076b154de0c1
NeoBundleLock vimproc 6b8b3c724e161f39c0938046a2072f9668fc802b
NeoBundleLock vimshell f1d033d955545ac0ff4977854135b1ce0e63700f
