NeoBundleLock VimClojure 2a17c249571395a7f45523d38cac6a9326ecf8f1
NeoBundleLock jellybeans.vim f931895c20681684278aef2ffd810730b9c36ec3
NeoBundleLock molokai db8ce13b3737d3ddea8368498183d7c204a762eb
NeoBundleLock neobundle.vim be47c712c78da19ae3172255fe7f1fa6303b6577
NeoBundleLock neomru.vim a52b644475156d397117b2e7920849fb9f1c8901
NeoBundleLock neosnippet 32e2cf9f70bd26755cf198eeac8c2f44e1723a75
NeoBundleLock nerdtree bcf3de4fdffae45fc7c85b6b84a01b37177924aa
NeoBundleLock open-browser.vim e17535850b8096b79907df9059fb43c51448f038
NeoBundleLock previm 85a097948fae0dd0a746706d25a4d95fd38e1615
NeoBundleLock syntastic 3c2e7e4ce37bc68b54f23c62efd0be291e6dc450
NeoBundleLock unite.vim f1aa053aae95e0185c5c9667ecd938c4fc37c2c7
NeoBundleLock vim-hybrid 75184dacef65991590514afca2943ad375d10dd3
NeoBundleLock vim-indent-guides 4895e860258cd24c975255ef459af4b956107557
NeoBundleLock vim-markdown e5af33f813cf0f26e7a125eb734c5f4a9597306e
NeoBundleLock vim-slime 457ce9b366ceb1be1885e73e79ebbe8c1a2511ef
NeoBundleLock vim-template e6e3a8c6b4f7520406f0b5f5a7e7f5507f1834d4
NeoBundleLock vim-trailing-whitespace 478b217d299b6f5938b43a4929d6bb0907cc3a56
NeoBundleLock vimproc a6bd6893749e3cbfb07230f4284c36b2dc2d8179
NeoBundleLock vimshell a1f9a2010bea4b109341f1e2411a32839a8547b3
